Microsoft Visual Studio Solution File, Format Version 11.00
# Visual Studio 2008

Project("{F55575AB-7F07-744A-A5EC-0DE8480D490B}") = "SnakeGameTest", "Assembly-CSharp-firstpass.csproj", "{D96F4B4E-3E44-7C95-A15A-6392FA74CE7D}"
EndProject
Project("{F55575AB-7F07-744A-A5EC-0DE8480D490B}") = "SnakeGameTest", "Assembly-CSharp.csproj", "{1922D403-9B9A-CB2C-2496-67DF1809C5EB}"
EndProject
Project("{F55575AB-7F07-744A-A5EC-0DE8480D490B}") = "SnakeGameTest", "Assembly-CSharp-Editor.csproj", "{93B48B20-4C10-DB5F-E818-F53CDC318294}"
EndProject
Global
	GlobalSection(SolutionConfigurationPlatforms) = preSolution
		Debug|Any CPU = Debug|Any CPU
		Release|Any CPU = Release|Any CPU
	EndGlobalSection
	GlobalSection(ProjectConfigurationPlatforms) = postSolution
		{D96F4B4E-3E44-7C95-A15A-6392FA74CE7D}.Debug|Any CPU.ActiveCfg = Debug|Any CPU
		{D96F4B4E-3E44-7C95-A15A-6392FA74CE7D}.Debug|Any CPU.Build.0 = Debug|Any CPU
		{D96F4B4E-3E44-7C95-A15A-6392FA74CE7D}.Release|Any CPU.ActiveCfg = Release|Any CPU
		{D96F4B4E-3E44-7C95-A15A-6392FA74CE7D}.Release|Any CPU.Build.0 = Release|Any CPU
		{1922D403-9B9A-CB2C-2496-67DF1809C5EB}.Debug|Any CPU.ActiveCfg = Debug|Any CPU
		{1922D403-9B9A-CB2C-2496-67DF1809C5EB}.Debug|Any CPU.Build.0 = Debug|Any CPU
		{1922D403-9B9A-CB2C-2496-67DF1809C5EB}.Release|Any CPU.ActiveCfg = Release|Any CPU
		{1922D403-9B9A-CB2C-2496-67DF1809C5EB}.Release|Any CPU.Build.0 = Release|Any CPU
		{93B48B20-4C10-DB5F-E818-F53CDC318294}.Debug|Any CPU.ActiveCfg = Debug|Any CPU
		{93B48B20-4C10-DB5F-E818-F53CDC318294}.Debug|Any CPU.Build.0 = Debug|Any CPU
		{93B48B20-4C10-DB5F-E818-F53CDC318294}.Release|Any CPU.ActiveCfg = Release|Any CPU
		{93B48B20-4C10-DB5F-E818-F53CDC318294}.Release|Any CPU.Build.0 = Release|Any CPU
	EndGlobalSection
	GlobalSection(SolutionProperties) = preSolution
		HideSolutionNode = FALSE
	EndGlobalSection
	GlobalSection(MonoDevelopProperties) = preSolution
		StartupItem = Assembly-CSharp.csproj
	EndGlobalSection
EndGlobal
